
Microsoft Visual Studio Solution File, Format Version 12.00
# Visual Studio 15
VisualStudioVersion = 15.0.28307.421
MinimumVisualStudioVersion = 10.0.40219.1
Project("{FAE04EC0-301F-11D3-BF4B-00C04F79EFBC}") = "HotelReservationClient", "HotelReservationClient\HotelReservationClient.csproj", "{548CDDD5-D87E-4799-AC0E-F49D349B747E}"
EndProject
Global
	GlobalSection(SolutionConfigurationPlatforms) = preSolution
		Debug|Any CPU = Debug|Any CPU
		Release|Any CPU = Release|Any CPU
	EndGlobalSection
	GlobalSection(ProjectConfigurationPlatforms) = postSolution
		{548CDDD5-D87E-4799-AC0E-F49D349B747E}.Debug|Any CPU.ActiveCfg = Debug|Any CPU
		{548CDDD5-D87E-4799-AC0E-F49D349B747E}.Debug|Any CPU.Build.0 = Debug|Any CPU
		{548CDDD5-D87E-4799-AC0E-F49D349B747E}.Release|Any CPU.ActiveCfg = Release|Any CPU
		{548CDDD5-D87E-4799-AC0E-F49D349B747E}.Release|Any CPU.Build.0 = Release|Any CPU
	EndGlobalSection
	GlobalSection(SolutionProperties) = preSolution
		HideSolutionNode = FALSE
	EndGlobalSection
	GlobalSection(ExtensibilityGlobals) = postSolution
		SolutionGuid = {F1325C65-C960-4157-A9EA-8FF9AE129BE6}
	EndGlobalSection
EndGlobal
